
Microsoft Visual Studio Solution File, Format Version 12.00
# Visual Studio 15
Project("{FAE04EC0-301F-11D3-BF4B-00C04F79EFBC}") = "Assembly-CSharp", "Assembly-CSharp.csproj", "{B7958903-50E6-EBE4-85A4-F1994C9AD907}"
EndProject
Project("{FAE04EC0-301F-11D3-BF4B-00C04F79EFBC}") = "Assembly-CSharp-Editor", "Assembly-CSharp-Editor.csproj", "{C112D7D1-AFC2-0D14-FBFD-4B87F9C9BE40}"
EndProject
Global
	GlobalSection(SolutionConfigurationPlatforms) = preSolution
		Debug|Any CPU = Debug|Any CPU
		Release|Any CPU = Release|Any CPU
	EndGlobalSection
	GlobalSection(ProjectConfigurationPlatforms) = postSolution
		{B7958903-50E6-EBE4-85A4-F1994C9AD907}.Debug|Any CPU.ActiveCfg = Debug|Any CPU
		{B7958903-50E6-EBE4-85A4-F1994C9AD907}.Debug|Any CPU.Build.0 = Debug|Any CPU
		{B7958903-50E6-EBE4-85A4-F1994C9AD907}.Release|Any CPU.ActiveCfg = Release|Any CPU
		{B7958903-50E6-EBE4-85A4-F1994C9AD907}.Release|Any CPU.Build.0 = Release|Any CPU
		{C112D7D1-AFC2-0D14-FBFD-4B87F9C9BE40}.Debug|Any CPU.ActiveCfg = Debug|Any CPU
		{C112D7D1-AFC2-0D14-FBFD-4B87F9C9BE40}.Debug|Any CPU.Build.0 = Debug|Any CPU
		{C112D7D1-AFC2-0D14-FBFD-4B87F9C9BE40}.Release|Any CPU.ActiveCfg = Release|Any CPU
		{C112D7D1-AFC2-0D14-FBFD-4B87F9C9BE40}.Release|Any CPU.Build.0 = Release|Any CPU
	EndGlobalSection
	GlobalSection(SolutionProperties) = preSolution
		HideSolutionNode = FALSE
	EndGlobalSection
	GlobalSection(MonoDevelopProperties) = preSolution
		StartupItem = Assembly-CSharp.csproj
	EndGlobalSection
EndGlobal
