
Microsoft Visual Studio Solution File, Format Version 12.00
# Visual Studio 15
Project("{FAE04EC0-301F-11D3-BF4B-00C04F79EFBC}") = "Assembly-CSharp", "Assembly-CSharp.csproj", "{DC946388-3C9D-BCE6-E7B9-604338DD6743}"
EndProject
Global
	GlobalSection(SolutionConfigurationPlatforms) = preSolution
		Debug|Any CPU = Debug|Any CPU
		Release|Any CPU = Release|Any CPU
	EndGlobalSection
	GlobalSection(ProjectConfigurationPlatforms) = postSolution
		{DC946388-3C9D-BCE6-E7B9-604338DD6743}.Debug|Any CPU.ActiveCfg = Debug|Any CPU
		{DC946388-3C9D-BCE6-E7B9-604338DD6743}.Debug|Any CPU.Build.0 = Debug|Any CPU
		{DC946388-3C9D-BCE6-E7B9-604338DD6743}.Release|Any CPU.ActiveCfg = Release|Any CPU
		{DC946388-3C9D-BCE6-E7B9-604338DD6743}.Release|Any CPU.Build.0 = Release|Any CPU
	EndGlobalSection
	GlobalSection(SolutionProperties) = preSolution
		HideSolutionNode = FALSE
	EndGlobalSection
	GlobalSection(MonoDevelopProperties) = preSolution
		StartupItem = Assembly-CSharp.csproj
	EndGlobalSection
EndGlobal
